{
  "version": 4,
  "terraform_version": "0.12.28",
  "serial": 13,
  "lineage": "5cdd1bd5-abb9-94e4-6402-31b178b7df90",
  "outputs": {},
  "resources": [
    {
      "mode": "managed",
      "type": "google_monitoring_alert_policy",
      "name": "alert_policy",
      "provider": "provider.google",
      "instances": [
        {
          "schema_version": 0,
          "attributes": {
            "combiner": "OR",
            "conditions": [
              {
                "condition_absent": [],
                "condition_threshold": [
                  {
                    "aggregations": [
                      {
                        "alignment_period": "60s",
                        "cross_series_reducer": "",
                        "group_by_fields": [],
                        "per_series_aligner": "ALIGN_MAX"
                      }
                    ],
                    "comparison": "COMPARISON_GT",
                    "denominator_aggregations": [],
                    "denominator_filter": "",
                    "duration": "60s",
                    "filter": "metric.type=\"compute.googleapis.com/instance/cpu/utilization\" AND resource.type=\"gce_instance\" AND metadata.system_labels.name=\"instance-1\"",
                    "threshold_value": 0.8,
                    "trigger": [
                      {
                        "count": 1,
                        "percent": 0
                      }
                    ]
                  }
                ],
                "display_name": "Allocator - CPU Utilization",
                "name": "projects/bolero-internal-labs/alertPolicies/9706595728340445022/conditions/9706595728340445679"
              }
            ],
            "creation_record": [
              {
                "mutate_time": "2020-08-26T09:16:24.745648797Z",
                "mutated_by": "terraform@bolero-internal-labs.iam.gserviceaccount.com"
              }
            ],
            "display_name": "My Alert Policy",
            "documentation": [],
            "enabled": true,
            "id": "projects/bolero-internal-labs/alertPolicies/9706595728340445022",
            "labels": [],
            "name": "projects/bolero-internal-labs/alertPolicies/9706595728340445022",
            "notification_channels": [],
            "project": "bolero-internal-labs",
            "timeouts": null,
            "user_labels": {
              "foo": "bar"
            }
          },
          "private": "eyJlMmJmYjczMC1lY2FhLTExZTYtOGY4OC0zNDM2M2JjN2M0YzAiOnsiY3JlYXRlIjoyNDAwMDAwMDAwMDAsImRlbGV0ZSI6MjQwMDAwMDAwMDAwLCJ1cGRhdGUiOjI0MDAwMDAwMDAwMH19"
        }
      ]
    }
  ]
}
